// !$*UTF8*$!
{
	archiveVersion = 1;
	classes = {
	};
	objectVersion = 46;
	objects = {

/* Begin PBXBuildFile section */
		0207DA581B56EA530066E2B4 /* Images.xcassets in Resources */ = {isa = PBXBuildFile; fileRef = 0207DA571B56EA530066E2B4 /* Images.xcassets */; };
		0F968404984342C8B02577F2 /* GoogleAppUtilities.framework in Frameworks */ = {isa = PBXBuildFile; fileRef = 4F2E95988EA342839E1AFF8D /* GoogleAppUtilities.framework */; };
		1D3623260D0F684500981E51 /* AppDelegate.m in Sources */ = {isa = PBXBuildFile; fileRef = 1D3623250D0F684500981E51 /* AppDelegate.m */; };
		1D60589B0D05DD56006BFB54 /* main.m in Sources */ = {isa = PBXBuildFile; fileRef = 29B97316FDCFA39411CA2CEA /* main.m */; };
		2504A16807D2437C8D69DE95 /* GoogleSymbolUtilities.framework in Frameworks */ = {isa = PBXBuildFile; fileRef = FDBD5B96E43249D495BD33BF /* GoogleSymbolUtilities.framework */; };
		27CA7DFC06EE487A95CB3A13 /* CDVDevice.m in Sources */ = {isa = PBXBuildFile; fileRef = D7C9E6B443204F908D87D9E1 /* CDVDevice.m */; };
		301BF552109A68D80062928A /* libCordova.a in Frameworks */ = {isa = PBXBuildFile; fileRef = 301BF535109A57CC0062928A /* libCordova.a */; };
		302D95F114D2391D003F00A1 /* MainViewController.m in Sources */ = {isa = PBXBuildFile; fileRef = 302D95EF14D2391D003F00A1 /* MainViewController.m */; };
		302D95F214D2391D003F00A1 /* MainViewController.xib in Resources */ = {isa = PBXBuildFile; fileRef = 302D95F014D2391D003F00A1 /* MainViewController.xib */; };
		3BC35F5171CF49CABEB8E082 /* GoogleAuthUtilities.framework in Frameworks */ = {isa = PBXBuildFile; fileRef = A21FECF378A54567B52A95E7 /* GoogleAuthUtilities.framework */; };
		4D9BBA12A91A4B8E98867C4C /* GoogleUtilities.framework in Frameworks */ = {isa = PBXBuildFile; fileRef = 1A26F6078D9C49699FDDCC99 /* GoogleUtilities.framework */; };
		581C068C9225451CB8C7EC9D /* libz.dylib in Frameworks */ = {isa = PBXBuildFile; fileRef = CC54E1C36E45446984948C06 /* libz.dylib */; settings = {ATTRIBUTES = (Weak, ); }; };
		5FBBECD7076D406E85A4D5FD /* CDVViewController+SplashScreen.m in Sources */ = {isa = PBXBuildFile; fileRef = 4C38555D16624C07845C1E23 /* CDVViewController+SplashScreen.m */; };
		64FB8635630B40AD8C3559C8 /* CDVStatusBar.m in Sources */ = {isa = PBXBuildFile; fileRef = 9A97C370EAC14A5893648F90 /* CDVStatusBar.m */; };
		6AFF5BF91D6E424B00AB3073 /* CDVLaunchScreen.storyboard in Resources */ = {isa = PBXBuildFile; fileRef = 6AFF5BF81D6E424B00AB3073 /* CDVLaunchScreen.storyboard */; };
		72E0A1126E594443B980C0AA /* Security.framework in Frameworks */ = {isa = PBXBuildFile; fileRef = 609DE12D33F94055BDCBE2D8 /* Security.framework */; settings = {ATTRIBUTES = (Weak, ); }; };
		833B60C221C14559A8B8A1CC /* CDVLogger.m in Sources */ = {isa = PBXBuildFile; fileRef = A7CDDF787E124384A35EA6B0 /* CDVLogger.m */; };
		957D0F4BF25C4B3387F7D80E /* FBSDKLoginKit.framework in Frameworks */ = {isa = PBXBuildFile; fileRef = A0608D6C8D514034BB5D5B99 /* FBSDKLoginKit.framework */; };
		9C4D079832604D29A622C588 /* GooglePlus.m in Sources */ = {isa = PBXBuildFile; fileRef = E5F546D952C64399B33995EA /* GooglePlus.m */; };
		9CD0395AD1F34B66A151C43F /* CDVSplashScreen.m in Sources */ = {isa = PBXBuildFile; fileRef = C3FE038890DA487FBDB6353C /* CDVSplashScreen.m */; };
		9D5C6CA56E1443F69E894EC8 /* SafariServices.framework in Frameworks */ = {isa = PBXBuildFile; fileRef = 76E77030BAAB4E9FB5F7F1B0 /* SafariServices.framework */; settings = {ATTRIBUTES = (Weak, ); }; };
		9EA2D717865E4A268EFB1C0B /* GoogleSignIn.framework in Frameworks */ = {isa = PBXBuildFile; fileRef = 0479B2A9D4C7426B89A61AB1 /* GoogleSignIn.framework */; };
		9EBC436F4D954BDFA4324646 /* IonicKeyboard.m in Sources */ = {isa = PBXBuildFile; fileRef = A468495DD0DD4259974EC981 /* IonicKeyboard.m */; };
		9EDB5E2CCA404106AB6F37CC /* Bolts.framework in Frameworks */ = {isa = PBXBuildFile; fileRef = ACB459B401AA4D13AE32DF30 /* Bolts.framework */; };
		9FF9B5AAA8764482A14E0D41 /* GoogleNetworkingUtilities.framework in Frameworks */ = {isa = PBXBuildFile; fileRef = A69B4FCC082E44E8ADDC7838 /* GoogleNetworkingUtilities.framework */; };
		B737B313F3B546A8AC5156FE /* FBSDKShareKit.framework in Frameworks */ = {isa = PBXBuildFile; fileRef = 47B68D234E684933BD6B5734 /* FBSDKShareKit.framework */; };
		C66E65FE523F4B9BA27C0121 /* AddressBook.framework in Frameworks */ = {isa = PBXBuildFile; fileRef = 5A5FA21C612A487C9BA12755 /* AddressBook.framework */; settings = {ATTRIBUTES = (Weak, ); }; };
		D29357C97682437E9F7E70E4 /* SystemConfiguration.framework in Frameworks */ = {isa = PBXBuildFile; fileRef = A2FD78B67A7F403F943BA5FB /* SystemConfiguration.framework */; settings = {ATTRIBUTES = (Weak, ); }; };
		D566FA300B2D47A88DE0F7FF /* FBSDKCoreKit.framework in Frameworks */ = {isa = PBXBuildFile; fileRef = 20C6AEB2CA224ACF8BDCD279 /* FBSDKCoreKit.framework */; };
		E7B3B1DE993143F5A23264F3 /* libz.tbd in Frameworks */ = {isa = PBXBuildFile; fileRef = 77C93F23141E42C18203AABD /* libz.tbd */; settings = {ATTRIBUTES = (Weak, ); }; };
		ECA430BA949441BDB7DF3FF2 /* CoreText.framework in Frameworks */ = {isa = PBXBuildFile; fileRef = 0205D19634864BD2AC874757 /* CoreText.framework */; settings = {ATTRIBUTES = (Weak, ); }; };
		EE4FD28BC3C345FBAFCB5CC2 /* Bookler.entitlements in Resources */ = {isa = PBXBuildFile; fileRef = 5D22A6FDFE5241F8B33355BD /* Bookler.entitlements */; };
		F1E8F7FB666F4423AFAEACCD /* FacebookConnectPlugin.m in Sources */ = {isa = PBXBuildFile; fileRef = 396B8ABF7713411D84DBE966 /* FacebookConnectPlugin.m */; };
/* End PBXBuildFile section */

/* Begin PBXContainerItemProxy section */
		301BF534109A57CC0062928A /* PBXContainerItemProxy */ = {
			isa = PBXContainerItemProxy;
			containerPortal = 301BF52D109A57CC0062928A /* CordovaLib.xcodeproj */;
			proxyType = 2;
			remoteGlobalIDString = D2AAC07E0554694100DB518D;
			remoteInfo = CordovaLib;
		};
		301BF550109A68C00062928A /* PBXContainerItemProxy */ = {
			isa = PBXContainerItemProxy;
			containerPortal = 301BF52D109A57CC0062928A /* CordovaLib.xcodeproj */;
			proxyType = 1;
			remoteGlobalIDString = D2AAC07D0554694100DB518D;
			remoteInfo = CordovaLib;
		};
/* End PBXContainerItemProxy section */

/* Begin PBXFileReference section */
		0150213705254E89B49442A9 /* IonicKeyboard.h */ = {isa = PBXFileReference; explicitFileType = undefined; fileEncoding = 4; includeInIndex = 0; lastKnownFileType = sourcecode.c.h; name = IonicKeyboard.h; path = "ionic-plugin-keyboard/IonicKeyboard.h"; sourceTree = "<group>"; };
		0205D19634864BD2AC874757 /* CoreText.framework */ = {isa = PBXFileReference; explicitFileType = undefined; fileEncoding = 9; includeInIndex = 0; lastKnownFileType = wrapper.framework; name = CoreText.framework; path = System/Library/Frameworks/CoreText.framework; sourceTree = SDKROOT; };
		0207DA571B56EA530066E2B4 /* Images.xcassets */ = {isa = PBXFileReference; lastKnownFileType = folder.assetcatalog; name = Images.xcassets; path = Bookler/Images.xcassets; sourceTree = SOURCE_ROOT; };
		0479B2A9D4C7426B89A61AB1 /* GoogleSignIn.framework */ = {isa = PBXFileReference; explicitFileType = undefined; fileEncoding = 9; includeInIndex = 0; lastKnownFileType = wrapper.framework; name = GoogleSignIn.framework; path = "Bookler/Plugins/cordova-plugin-googleplus/GoogleSignIn.framework"; sourceTree = "<group>"; };
		1A26F6078D9C49699FDDCC99 /* GoogleUtilities.framework */ = {isa = PBXFileReference; explicitFileType = undefined; fileEncoding = 9; includeInIndex = 0; lastKnownFileType = wrapper.framework; name = GoogleUtilities.framework; path = "Bookler/Plugins/cordova-plugin-googleplus/GoogleUtilities.framework"; sourceTree = "<group>"; };
		1D3623240D0F684500981E51 /* AppDelegate.h */ = {isa = PBXFileReference; fileEncoding = 4; lastKnownFileType = sourcecode.c.h; path = AppDelegate.h; sourceTree = "<group>"; };
		1D3623250D0F684500981E51 /* AppDelegate.m */ = {isa = PBXFileReference; fileEncoding = 4; lastKnownFileType = sourcecode.c.objc; path = AppDelegate.m; sourceTree = "<group>"; };
		1D6058910D05DD3D006BFB54 /* Bookler.app */ = {isa = PBXFileReference; explicitFileType = wrapper.application; includeInIndex = 0; path = Bookler.app; sourceTree = BUILT_PRODUCTS_DIR; };
		20C6AEB2CA224ACF8BDCD279 /* FBSDKCoreKit.framework */ = {isa = PBXFileReference; explicitFileType = undefined; fileEncoding = 9; includeInIndex = 0; lastKnownFileType = wrapper.framework; name = FBSDKCoreKit.framework; path = "Bookler/Plugins/cordova-plugin-facebook4/FBSDKCoreKit.framework"; sourceTree = "<group>"; };
		29B97316FDCFA39411CA2CEA /* main.m */ = {isa = PBXFileReference; fileEncoding = 4; lastKnownFileType = sourcecode.c.objc; path = main.m; sourceTree = "<group>"; };
		301BF52D109A57CC0062928A /* CordovaLib.xcodeproj */ = {isa = PBXFileReference; lastKnownFileType = "wrapper.pb-project"; name = CordovaLib.xcodeproj; path = CordovaLib/CordovaLib.xcodeproj; sourceTree = "<group>"; };
		301BF56E109A69640062928A /* www */ = {isa = PBXFileReference; lastKnownFileType = folder; path = www; sourceTree = SOURCE_ROOT; };
		302D95EE14D2391D003F00A1 /* MainViewController.h */ = {isa = PBXFileReference; fileEncoding = 4; lastKnownFileType = sourcecode.c.h; path = MainViewController.h; sourceTree = "<group>"; };
		302D95EF14D2391D003F00A1 /* MainViewController.m */ = {isa = PBXFileReference; fileEncoding = 4; lastKnownFileType = sourcecode.c.objc; path = MainViewController.m; sourceTree = "<group>"; };
		302D95F014D2391D003F00A1 /* MainViewController.xib */ = {isa = PBXFileReference; fileEncoding = 4; lastKnownFileType = file.xib; path = MainViewController.xib; sourceTree = "<group>"; };
		3047A50F1AB8059700498E2A /* build-debug.xcconfig */ = {isa = PBXFileReference; fileEncoding = 4; lastKnownFileType = text.xcconfig; name = "build-debug.xcconfig"; path = "cordova/build-debug.xcconfig"; sourceTree = SOURCE_ROOT; };
		3047A5101AB8059700498E2A /* build-release.xcconfig */ = {isa = PBXFileReference; fileEncoding = 4; lastKnownFileType = text.xcconfig; name = "build-release.xcconfig"; path = "cordova/build-release.xcconfig"; sourceTree = SOURCE_ROOT; };
		3047A5111AB8059700498E2A /* build.xcconfig */ = {isa = PBXFileReference; fileEncoding = 4; lastKnownFileType = text.xcconfig; name = build.xcconfig; path = cordova/build.xcconfig; sourceTree = SOURCE_ROOT; };
		32CA4F630368D1EE00C91783 /* Bookler-Prefix.pch */ = {isa = PBXFileReference; fileEncoding = 4; lastKnownFileType = sourcecode.c.h; path = "Bookler-Prefix.pch"; sourceTree = "<group>"; };
		33A34F6392D1447D811C0942 /* CDVViewController+SplashScreen.h */ = {isa = PBXFileReference; explicitFileType = undefined; fileEncoding = 4; includeInIndex = 0; lastKnownFileType = sourcecode.c.h; name = "CDVViewController+SplashScreen.h"; path = "cordova-plugin-splashscreen/CDVViewController+SplashScreen.h"; sourceTree = "<group>"; };
		396B8ABF7713411D84DBE966 /* FacebookConnectPlugin.m */ = {isa = PBXFileReference; explicitFileType = undefined; fileEncoding = 4; includeInIndex = 0; lastKnownFileType = sourcecode.c.objc; name = FacebookConnectPlugin.m; path = "cordova-plugin-facebook4/FacebookConnectPlugin.m"; sourceTree = "<group>"; };
		442FCC3DFC78494FB1F544C6 /* CDVDevice.h */ = {isa = PBXFileReference; explicitFileType = undefined; fileEncoding = 4; includeInIndex = 0; lastKnownFileType = sourcecode.c.h; name = CDVDevice.h; path = "cordova-plugin-device/CDVDevice.h"; sourceTree = "<group>"; };
		47B68D234E684933BD6B5734 /* FBSDKShareKit.framework */ = {isa = PBXFileReference; explicitFileType = undefined; fileEncoding = 9; includeInIndex = 0; lastKnownFileType = wrapper.framework; name = FBSDKShareKit.framework; path = "Bookler/Plugins/cordova-plugin-facebook4/FBSDKShareKit.framework"; sourceTree = "<group>"; };
		4C38555D16624C07845C1E23 /* CDVViewController+SplashScreen.m */ = {isa = PBXFileReference; explicitFileType = undefined; fileEncoding = 4; includeInIndex = 0; lastKnownFileType = sourcecode.c.objc; name = "CDVViewController+SplashScreen.m"; path = "cordova-plugin-splashscreen/CDVViewController+SplashScreen.m"; sourceTree = "<group>"; };
		4F2E95988EA342839E1AFF8D /* GoogleAppUtilities.framework */ = {isa = PBXFileReference; explicitFileType = undefined; fileEncoding = 9; includeInIndex = 0; lastKnownFileType = wrapper.framework; name = GoogleAppUtilities.framework; path = "Bookler/Plugins/cordova-plugin-googleplus/GoogleAppUtilities.framework"; sourceTree = "<group>"; };
		5A5FA21C612A487C9BA12755 /* AddressBook.framework */ = {isa = PBXFileReference; explicitFileType = undefined; fileEncoding = 9; includeInIndex = 0; lastKnownFileType = wrapper.framework; name = AddressBook.framework; path = System/Library/Frameworks/AddressBook.framework; sourceTree = SDKROOT; };
		5D22A6FDFE5241F8B33355BD /* Bookler.entitlements */ = {isa = PBXFileReference; fileEncoding = 4; lastKnownFileType = unknown; path = Bookler.entitlements; sourceTree = "<group>"; };
		5DBC80C338724CCCA1F80853 /* CDVSplashScreen.h */ = {isa = PBXFileReference; explicitFileType = undefined; fileEncoding = 4; includeInIndex = 0; lastKnownFileType = sourcecode.c.h; name = CDVSplashScreen.h; path = "cordova-plugin-splashscreen/CDVSplashScreen.h"; sourceTree = "<group>"; };
		609DE12D33F94055BDCBE2D8 /* Security.framework */ = {isa = PBXFileReference; explicitFileType = undefined; fileEncoding = 9; includeInIndex = 0; lastKnownFileType = wrapper.framework; name = Security.framework; path = System/Library/Frameworks/Security.framework; sourceTree = SDKROOT; };
		6AFF5BF81D6E424B00AB3073 /* CDVLaunchScreen.storyboard */ = {isa = PBXFileReference; fileEncoding = 4; lastKnownFileType = file.storyboard; name = CDVLaunchScreen.storyboard; path = Bookler/CDVLaunchScreen.storyboard; sourceTree = SOURCE_ROOT; };
		6FD613288E7341F29ABB7AF0 /* CDVLogger.h */ = {isa = PBXFileReference; explicitFileType = undefined; fileEncoding = 4; includeInIndex = 0; lastKnownFileType = sourcecode.c.h; name = CDVLogger.h; path = "cordova-plugin-console/CDVLogger.h"; sourceTree = "<group>"; };
		76E77030BAAB4E9FB5F7F1B0 /* SafariServices.framework */ = {isa = PBXFileReference; explicitFileType = undefined; fileEncoding = 9; includeInIndex = 0; lastKnownFileType = wrapper.framework; name = SafariServices.framework; path = System/Library/Frameworks/SafariServices.framework; sourceTree = SDKROOT; };
		77C93F23141E42C18203AABD /* libz.tbd */ = {isa = PBXFileReference; explicitFileType = undefined; fileEncoding = 9; includeInIndex = 0; lastKnownFileType = "sourcecode.text-based-dylib-definition"; name = libz.tbd; path = usr/lib/libz.tbd; sourceTree = SDKROOT; };
		8D1107310486CEB800E47090 /* Bookler-Info.plist */ = {isa = PBXFileReference; fileEncoding = 4; lastKnownFileType = text.plist.xml; name = "Bookler-Info.plist"; path = "Bookler/Bookler-Info.plist"; plistStructureDefinitionIdentifier = "com.apple.xcode.plist.structure-definition.iphone.info-plist"; sourceTree = SOURCE_ROOT; };
		9A97C370EAC14A5893648F90 /* CDVStatusBar.m */ = {isa = PBXFileReference; explicitFileType = undefined; fileEncoding = 4; includeInIndex = 0; lastKnownFileType = sourcecode.c.objc; name = CDVStatusBar.m; path = "cordova-plugin-statusbar/CDVStatusBar.m"; sourceTree = "<group>"; };
		A0608D6C8D514034BB5D5B99 /* FBSDKLoginKit.framework */ = {isa = PBXFileReference; explicitFileType = undefined; fileEncoding = 9; includeInIndex = 0; lastKnownFileType = wrapper.framework; name = FBSDKLoginKit.framework; path = "Bookler/Plugins/cordova-plugin-facebook4/FBSDKLoginKit.framework"; sourceTree = "<group>"; };
		A14C8D634D4D44958F5DF03E /* GooglePlus.h */ = {isa = PBXFileReference; explicitFileType = undefined; fileEncoding = 4; includeInIndex = 0; lastKnownFileType = sourcecode.c.h; name = GooglePlus.h; path = "cordova-plugin-googleplus/GooglePlus.h"; sourceTree = "<group>"; };
		A21FECF378A54567B52A95E7 /* GoogleAuthUtilities.framework */ = {isa = PBXFileReference; explicitFileType = undefined; fileEncoding = 9; includeInIndex = 0; lastKnownFileType = wrapper.framework; name = GoogleAuthUtilities.framework; path = "Bookler/Plugins/cordova-plugin-googleplus/GoogleAuthUtilities.framework"; sourceTree = "<group>"; };
		A2FD78B67A7F403F943BA5FB /* SystemConfiguration.framework */ = {isa = PBXFileReference; explicitFileType = undefined; fileEncoding = 9; includeInIndex = 0; lastKnownFileType = wrapper.framework; name = SystemConfiguration.framework; path = System/Library/Frameworks/SystemConfiguration.framework; sourceTree = SDKROOT; };
		A468495DD0DD4259974EC981 /* IonicKeyboard.m */ = {isa = PBXFileReference; explicitFileType = undefined; fileEncoding = 4; includeInIndex = 0; lastKnownFileType = sourcecode.c.objc; name = IonicKeyboard.m; path = "ionic-plugin-keyboard/IonicKeyboard.m"; sourceTree = "<group>"; };
		A69B4FCC082E44E8ADDC7838 /* GoogleNetworkingUtilities.framework */ = {isa = PBXFileReference; explicitFileType = undefined; fileEncoding = 9; includeInIndex = 0; lastKnownFileType = wrapper.framework; name = GoogleNetworkingUtilities.framework; path = "Bookler/Plugins/cordova-plugin-googleplus/GoogleNetworkingUtilities.framework"; sourceTree = "<group>"; };
		A7CDDF787E124384A35EA6B0 /* CDVLogger.m */ = {isa = PBXFileReference; explicitFileType = undefined; fileEncoding = 4; includeInIndex = 0; lastKnownFileType = sourcecode.c.objc; name = CDVLogger.m; path = "cordova-plugin-console/CDVLogger.m"; sourceTree = "<group>"; };
		ACB459B401AA4D13AE32DF30 /* Bolts.framework */ = {isa = PBXFileReference; explicitFileType = undefined; fileEncoding = 9; includeInIndex = 0; lastKnownFileType = wrapper.framework; name = Bolts.framework; path = "Bookler/Plugins/cordova-plugin-facebook4/Bolts.framework"; sourceTree = "<group>"; };
		C3FE038890DA487FBDB6353C /* CDVSplashScreen.m */ = {isa = PBXFileReference; explicitFileType = undefined; fileEncoding = 4; includeInIndex = 0; lastKnownFileType = sourcecode.c.objc; name = CDVSplashScreen.m; path = "cordova-plugin-splashscreen/CDVSplashScreen.m"; sourceTree = "<group>"; };
		CC54E1C36E45446984948C06 /* libz.dylib */ = {isa = PBXFileReference; explicitFileType = undefined; fileEncoding = 9; includeInIndex = 0; lastKnownFileType = "compiled.mach-o.dylib"; name = libz.dylib; path = usr/lib/libz.dylib; sourceTree = SDKROOT; };
		D7C9E6B443204F908D87D9E1 /* CDVDevice.m */ = {isa = PBXFileReference; explicitFileType = undefined; fileEncoding = 4; includeInIndex = 0; lastKnownFileType = sourcecode.c.objc; name = CDVDevice.m; path = "cordova-plugin-device/CDVDevice.m"; sourceTree = "<group>"; };
		DB8BB2A800254F3AA8B300A5 /* CDVStatusBar.h */ = {isa = PBXFileReference; explicitFileType = undefined; fileEncoding = 4; includeInIndex = 0; lastKnownFileType = sourcecode.c.h; name = CDVStatusBar.h; path = "cordova-plugin-statusbar/CDVStatusBar.h"; sourceTree = "<group>"; };
		E5F546D952C64399B33995EA /* GooglePlus.m */ = {isa = PBXFileReference; explicitFileType = undefined; fileEncoding = 4; includeInIndex = 0; lastKnownFileType = sourcecode.c.objc; name = GooglePlus.m; path = "cordova-plugin-googleplus/GooglePlus.m"; sourceTree = "<group>"; };
		EA7B6795A6704E6C8BB4E148 /* FacebookConnectPlugin.h */ = {isa = PBXFileReference; explicitFileType = undefined; fileEncoding = 4; includeInIndex = 0; lastKnownFileType = sourcecode.c.h; name = FacebookConnectPlugin.h; path = "cordova-plugin-facebook4/FacebookConnectPlugin.h"; sourceTree = "<group>"; };
		EB87FDF31871DA8E0020F90C /* www */ = {isa = PBXFileReference; lastKnownFileType = folder; name = www; path = ../../www; sourceTree = "<group>"; };
		EB87FDF41871DAF40020F90C /* config.xml */ = {isa = PBXFileReference; lastKnownFileType = text.xml; name = config.xml; path = ../../config.xml; sourceTree = "<group>"; };
		ED33DF2A687741AEAF9F8254 /* Bridging-Header.h */ = {isa = PBXFileReference; fileEncoding = 4; lastKnownFileType = sourcecode.c.h; path = "Bridging-Header.h"; sourceTree = "<group>"; };
		F840E1F0165FE0F500CFE078 /* config.xml */ = {isa = PBXFileReference; lastKnownFileType = text.xml; name = config.xml; path = Bookler/config.xml; sourceTree = "<group>"; };
		FDBD5B96E43249D495BD33BF /* GoogleSymbolUtilities.framework */ = {isa = PBXFileReference; explicitFileType = undefined; fileEncoding = 9; includeInIndex = 0; lastKnownFileType = wrapper.framework; name = GoogleSymbolUtilities.framework; path = "Bookler/Plugins/cordova-plugin-googleplus/GoogleSymbolUtilities.framework"; sourceTree = "<group>"; };
/* End PBXFileReference section */

/* Begin PBXFrameworksBuildPhase section */
		1D60588F0D05DD3D006BFB54 /* Frameworks */ = {
			isa = PBXFrameworksBuildPhase;
			buildActionMask = 2147483647;
			files = (
				301BF552109A68D80062928A /* libCordova.a in Frameworks */,
				9EDB5E2CCA404106AB6F37CC /* Bolts.framework in Frameworks */,
				D566FA300B2D47A88DE0F7FF /* FBSDKCoreKit.framework in Frameworks */,
				957D0F4BF25C4B3387F7D80E /* FBSDKLoginKit.framework in Frameworks */,
				B737B313F3B546A8AC5156FE /* FBSDKShareKit.framework in Frameworks */,
				0F968404984342C8B02577F2 /* GoogleAppUtilities.framework in Frameworks */,
				3BC35F5171CF49CABEB8E082 /* GoogleAuthUtilities.framework in Frameworks */,
				9FF9B5AAA8764482A14E0D41 /* GoogleNetworkingUtilities.framework in Frameworks */,
				9EA2D717865E4A268EFB1C0B /* GoogleSignIn.framework in Frameworks */,
				2504A16807D2437C8D69DE95 /* GoogleSymbolUtilities.framework in Frameworks */,
				4D9BBA12A91A4B8E98867C4C /* GoogleUtilities.framework in Frameworks */,
				C66E65FE523F4B9BA27C0121 /* AddressBook.framework in Frameworks */,
				ECA430BA949441BDB7DF3FF2 /* CoreText.framework in Frameworks */,
				9D5C6CA56E1443F69E894EC8 /* SafariServices.framework in Frameworks */,
				72E0A1126E594443B980C0AA /* Security.framework in Frameworks */,
				D29357C97682437E9F7E70E4 /* SystemConfiguration.framework in Frameworks */,
				E7B3B1DE993143F5A23264F3 /* libz.tbd in Frameworks */,
				581C068C9225451CB8C7EC9D /* libz.dylib in Frameworks */,
			);
			runOnlyForDeploymentPostprocessing = 0;
		};
/* End PBXFrameworksBuildPhase section */

/* Begin PBXGroup section */
		080E96DDFE201D6D7F000001 /* Classes */ = {
			isa = PBXGroup;
			children = (
				302D95EE14D2391D003F00A1 /* MainViewController.h */,
				302D95EF14D2391D003F00A1 /* MainViewController.m */,
				302D95F014D2391D003F00A1 /* MainViewController.xib */,
				1D3623240D0F684500981E51 /* AppDelegate.h */,
				1D3623250D0F684500981E51 /* AppDelegate.m */,
			);
			name = Classes;
			path = Bookler/Classes;
			sourceTree = SOURCE_ROOT;
		};
		19C28FACFE9D520D11CA2CBB /* Products */ = {
			isa = PBXGroup;
			children = (
				1D6058910D05DD3D006BFB54 /* Bookler.app */,
			);
			name = Products;
			sourceTree = "<group>";
		};
		29B97314FDCFA39411CA2CEA /* CustomTemplate */ = {
			isa = PBXGroup;
			children = (
				EB87FDF41871DAF40020F90C /* config.xml */,
				EB87FDF31871DA8E0020F90C /* www */,
				EB87FDF11871DA420020F90C /* Staging */,
				301BF52D109A57CC0062928A /* CordovaLib.xcodeproj */,
				080E96DDFE201D6D7F000001 /* Classes */,
				307C750510C5A3420062BCA9 /* Plugins */,
				29B97315FDCFA39411CA2CEA /* Other Sources */,
				29B97317FDCFA39411CA2CEA /* Resources */,
				29B97323FDCFA39411CA2CEA /* Frameworks */,
				19C28FACFE9D520D11CA2CBB /* Products */,
			);
			name = CustomTemplate;
			sourceTree = "<group>";
		};
		29B97315FDCFA39411CA2CEA /* Other Sources */ = {
			isa = PBXGroup;
			children = (
				32CA4F630368D1EE00C91783 /* Bookler-Prefix.pch */,
				29B97316FDCFA39411CA2CEA /* main.m */,
				ED33DF2A687741AEAF9F8254 /* Bridging-Header.h */,
			);
			name = "Other Sources";
			path = Bookler;
			sourceTree = "<group>";
		};
		29B97317FDCFA39411CA2CEA /* Resources */ = {
			isa = PBXGroup;
			children = (
				0207DA571B56EA530066E2B4 /* Images.xcassets */,
				3047A50E1AB8057F00498E2A /* config */,
				8D1107310486CEB800E47090 /* Bookler-Info.plist */,
				6AFF5BF81D6E424B00AB3073 /* CDVLaunchScreen.storyboard */,
				5D22A6FDFE5241F8B33355BD /* Bookler.entitlements */,
			);
			name = Resources;
			path = Bookler/Resources;
			sourceTree = "<group>";
		};
		29B97323FDCFA39411CA2CEA /* Frameworks */ = {
			isa = PBXGroup;
			children = (
				ACB459B401AA4D13AE32DF30 /* Bolts.framework */,
				20C6AEB2CA224ACF8BDCD279 /* FBSDKCoreKit.framework */,
				A0608D6C8D514034BB5D5B99 /* FBSDKLoginKit.framework */,
				47B68D234E684933BD6B5734 /* FBSDKShareKit.framework */,
				4F2E95988EA342839E1AFF8D /* GoogleAppUtilities.framework */,
				A21FECF378A54567B52A95E7 /* GoogleAuthUtilities.framework */,
				A69B4FCC082E44E8ADDC7838 /* GoogleNetworkingUtilities.framework */,
				0479B2A9D4C7426B89A61AB1 /* GoogleSignIn.framework */,
				FDBD5B96E43249D495BD33BF /* GoogleSymbolUtilities.framework */,
				1A26F6078D9C49699FDDCC99 /* GoogleUtilities.framework */,
				5A5FA21C612A487C9BA12755 /* AddressBook.framework */,
				0205D19634864BD2AC874757 /* CoreText.framework */,
				76E77030BAAB4E9FB5F7F1B0 /* SafariServices.framework */,
				609DE12D33F94055BDCBE2D8 /* Security.framework */,
				A2FD78B67A7F403F943BA5FB /* SystemConfiguration.framework */,
				77C93F23141E42C18203AABD /* libz.tbd */,
				CC54E1C36E45446984948C06 /* libz.dylib */,
			);
			name = Frameworks;
			sourceTree = "<group>";
		};
		301BF52E109A57CC0062928A /* Products */ = {
			isa = PBXGroup;
			children = (
				301BF535109A57CC0062928A /* libCordova.a */,
			);
			name = Products;
			sourceTree = "<group>";
		};
		3047A50E1AB8057F00498E2A /* config */ = {
			isa = PBXGroup;
			children = (
				3047A50F1AB8059700498E2A /* build-debug.xcconfig */,
				3047A5101AB8059700498E2A /* build-release.xcconfig */,
				3047A5111AB8059700498E2A /* build.xcconfig */,
			);
			name = config;
			sourceTree = "<group>";
		};
		307C750510C5A3420062BCA9 /* Plugins */ = {
			isa = PBXGroup;
			children = (
				A7CDDF787E124384A35EA6B0 /* CDVLogger.m */,
				6FD613288E7341F29ABB7AF0 /* CDVLogger.h */,
				9A97C370EAC14A5893648F90 /* CDVStatusBar.m */,
				DB8BB2A800254F3AA8B300A5 /* CDVStatusBar.h */,
				D7C9E6B443204F908D87D9E1 /* CDVDevice.m */,
				442FCC3DFC78494FB1F544C6 /* CDVDevice.h */,
				C3FE038890DA487FBDB6353C /* CDVSplashScreen.m */,
				4C38555D16624C07845C1E23 /* CDVViewController+SplashScreen.m */,
				5DBC80C338724CCCA1F80853 /* CDVSplashScreen.h */,
				33A34F6392D1447D811C0942 /* CDVViewController+SplashScreen.h */,
				396B8ABF7713411D84DBE966 /* FacebookConnectPlugin.m */,
				EA7B6795A6704E6C8BB4E148 /* FacebookConnectPlugin.h */,
				A468495DD0DD4259974EC981 /* IonicKeyboard.m */,
				0150213705254E89B49442A9 /* IonicKeyboard.h */,
				E5F546D952C64399B33995EA /* GooglePlus.m */,
				A14C8D634D4D44958F5DF03E /* GooglePlus.h */,
			);
			name = Plugins;
			path = Bookler/Plugins;
			sourceTree = SOURCE_ROOT;
		};
		EB87FDF11871DA420020F90C /* Staging */ = {
			isa = PBXGroup;
			children = (
				F840E1F0165FE0F500CFE078 /* config.xml */,
				301BF56E109A69640062928A /* www */,
			);
			name = Staging;
			sourceTree = "<group>";
		};
/* End PBXGroup section */

/* Begin PBXNativeTarget section */
		1D6058900D05DD3D006BFB54 /* Bookler */ = {
			isa = PBXNativeTarget;
			buildConfigurationList = 1D6058960D05DD3E006BFB54 /* Build configuration list for PBXNativeTarget "Bookler" */;
			buildPhases = (
				304B58A110DAC018002A0835 /* Copy www directory */,
				1D60588D0D05DD3D006BFB54 /* Resources */,
				1D60588E0D05DD3D006BFB54 /* Sources */,
				1D60588F0D05DD3D006BFB54 /* Frameworks */,
			);
			buildRules = (
			);
			dependencies = (
				301BF551109A68C00062928A /* PBXTargetDependency */,
			);
			name = Bookler;
			productName = Bookler;
			productReference = 1D6058910D05DD3D006BFB54 /* Bookler.app */;
			productType = "com.apple.product-type.application";
		};
/* End PBXNativeTarget section */

/* Begin PBXProject section */
		29B97313FDCFA39411CA2CEA /* Project object */ = {
			isa = PBXProject;
			attributes = {
				LastUpgradeCheck = 820;
				TargetAttributes = {
					1D6058900D05DD3D006BFB54 = {
						DevelopmentTeam = WTXPXNR4R5;
						ProvisioningStyle = Automatic;
					};
				};
			};
			buildConfigurationList = C01FCF4E08A954540054247B /* Build configuration list for PBXProject "Bookler" */;
			compatibilityVersion = "Xcode 3.2";
			developmentRegion = English;
			hasScannedForEncodings = 1;
			knownRegions = (
				en,
			);
			mainGroup = 29B97314FDCFA39411CA2CEA /* CustomTemplate */;
			projectDirPath = "";
			projectReferences = (
				{
					ProductGroup = 301BF52E109A57CC0062928A /* Products */;
					ProjectRef = 301BF52D109A57CC0062928A /* CordovaLib.xcodeproj */;
				},
			);
			projectRoot = "";
			targets = (
				1D6058900D05DD3D006BFB54 /* Bookler */,
			);
		};
/* End PBXProject section */

/* Begin PBXReferenceProxy section */
		301BF535109A57CC0062928A /* libCordova.a */ = {
			isa = PBXReferenceProxy;
			fileType = archive.ar;
			path = libCordova.a;
			remoteRef = 301BF534109A57CC0062928A /* PBXContainerItemProxy */;
			sourceTree = BUILT_PRODUCTS_DIR;
		};
/* End PBXReferenceProxy section */

/* Begin PBXResourcesBuildPhase section */
		1D60588D0D05DD3D006BFB54 /* Resources */ = {
			isa = PBXResourcesBuildPhase;
			buildActionMask = 2147483647;
			files = (
				302D95F214D2391D003F00A1 /* MainViewController.xib in Resources */,
				0207DA581B56EA530066E2B4 /* Images.xcassets in Resources */,
				6AFF5BF91D6E424B00AB3073 /* CDVLaunchScreen.storyboard in Resources */,
				EE4FD28BC3C345FBAFCB5CC2 /* Bookler.entitlements in Resources */,
			);
			runOnlyForDeploymentPostprocessing = 0;
		};
/* End PBXResourcesBuildPhase section */

/* Begin PBXShellScriptBuildPhase section */
		304B58A110DAC018002A0835 /* Copy www directory */ = {
			isa = PBXShellScriptBuildPhase;
			buildActionMask = 2147483647;
			files = (
			);
			inputPaths = (
			);
			name = "Copy www directory";
			outputPaths = (
			);
			runOnlyForDeploymentPostprocessing = 0;
			shellPath = /bin/sh;
			shellScript = "NODEJS_PATH=/usr/local/bin; NVM_NODE_PATH=~/.nvm/versions/node/`nvm version 2>/dev/null`/bin; N_NODE_PATH=`find /usr/local/n/versions/node/* -maxdepth 0 -type d 2>/dev/null | tail -1`/bin; XCODE_NODE_PATH=`xcode-select --print-path`/usr/share/xcs/Node/bin; PATH=$NODEJS_PATH:$NVM_NODE_PATH:$N_NODE_PATH:$XCODE_NODE_PATH:$PATH && node cordova/lib/copy-www-build-step.js";
			showEnvVarsInLog = 0;
		};
/* End PBXShellScriptBuildPhase section */

/* Begin PBXSourcesBuildPhase section */
		1D60588E0D05DD3D006BFB54 /* Sources */ = {
			isa = PBXSourcesBuildPhase;
			buildActionMask = 2147483647;
			files = (
				1D60589B0D05DD56006BFB54 /* main.m in Sources */,
				1D3623260D0F684500981E51 /* AppDelegate.m in Sources */,
				302D95F114D2391D003F00A1 /* MainViewController.m in Sources */,
				833B60C221C14559A8B8A1CC /* CDVLogger.m in Sources */,
				64FB8635630B40AD8C3559C8 /* CDVStatusBar.m in Sources */,
				27CA7DFC06EE487A95CB3A13 /* CDVDevice.m in Sources */,
				9CD0395AD1F34B66A151C43F /* CDVSplashScreen.m in Sources */,
				5FBBECD7076D406E85A4D5FD /* CDVViewController+SplashScreen.m in Sources */,
				F1E8F7FB666F4423AFAEACCD /* FacebookConnectPlugin.m in Sources */,
				9EBC436F4D954BDFA4324646 /* IonicKeyboard.m in Sources */,
				9C4D079832604D29A622C588 /* GooglePlus.m in Sources */,
			);
			runOnlyForDeploymentPostprocessing = 0;
		};
/* End PBXSourcesBuildPhase section */

/* Begin PBXTargetDependency section */
		301BF551109A68C00062928A /* PBXTargetDependency */ = {
			isa = PBXTargetDependency;
			name = CordovaLib;
			targetProxy = 301BF550109A68C00062928A /* PBXContainerItemProxy */;
		};
/* End PBXTargetDependency section */

/* Begin XCBuildConfiguration section */
		1D6058940D05DD3E006BFB54 /* Debug */ = {
			isa = XCBuildConfiguration;
			baseConfigurationReference = 3047A50F1AB8059700498E2A /* build-debug.xcconfig */;
			buildSettings = {
				ALWAYS_SEARCH_USER_PATHS = NO;
				ASSETCATALOG_COMPILER_APPICON_NAME = AppIcon;
				ASSETCATALOG_COMPILER_LAUNCHIMAGE_NAME = LaunchImage;
				CLANG_ENABLE_MODULES = YES;
				CLANG_ENABLE_OBJC_ARC = YES;
				CODE_SIGN_ENTITLEMENTS = Bookler/Resources/Bookler.entitlements;
				"CODE_SIGN_IDENTITY[sdk=iphoneos*]" = "iPhone Developer";
				COPY_PHASE_STRIP = NO;
				DEVELOPMENT_TEAM = WTXPXNR4R5;
				FRAMEWORK_SEARCH_PATHS = (
					"$(inherited)",
					"\"Bookler/Plugins/cordova-plugin-facebook4\"",
					"\"Bookler/Plugins/cordova-plugin-facebook4\"",
					"\"Bookler/Plugins/cordova-plugin-facebook4\"",
					"\"Bookler/Plugins/cordova-plugin-facebook4\"",
					"\"Bookler/Plugins/cordova-plugin-facebook4\"",
					"\"Bookler/Plugins/cordova-plugin-facebook4\"",
					"\"Bookler/Plugins/cordova-plugin-facebook4\"",
					"\"Bookler/Plugins/cordova-plugin-facebook4\"",
					"\"Bookler/Plugins/cordova-plugin-googleplus\"",
					"\"Bookler/Plugins/cordova-plugin-googleplus\"",
					"\"Bookler/Plugins/cordova-plugin-googleplus\"",
					"\"Bookler/Plugins/cordova-plugin-googleplus\"",
					"\"Bookler/Plugins/cordova-plugin-googleplus\"",
					"\"Bookler/Plugins/cordova-plugin-googleplus\"",
					"\"Bookler/Plugins/cordova-plugin-googleplus\"",
					"\"Bookler/Plugins/cordova-plugin-googleplus\"",
					"\"Bookler/Plugins/cordova-plugin-googleplus\"",
					"\"Bookler/Plugins/cordova-plugin-googleplus\"",
					"\"Bookler/Plugins/cordova-plugin-googleplus\"",
					"\"Bookler/Plugins/cordova-plugin-googleplus\"",
				);
				GCC_DYNAMIC_NO_PIC = NO;
				GCC_OPTIMIZATION_LEVEL = 0;
				GCC_PRECOMPILE_PREFIX_HEADER = YES;
				GCC_PREFIX_HEADER = "Bookler/Bookler-Prefix.pch";
				GCC_THUMB_SUPPORT = NO;
				GCC_VERSION = "";
				INFOPLIST_FILE = "Bookler/Bookler-Info.plist";
				IPHONEOS_DEPLOYMENT_TARGET = 8.0;
				LD_RUNPATH_SEARCH_PATHS = "@executable_path/Frameworks";
				PRODUCT_BUNDLE_IDENTIFIER = com.ionicframework.bookler467870;
				PRODUCT_NAME = Bookler;
				TARGETED_DEVICE_FAMILY = "1,2";
			};
			name = Debug;
		};
		1D6058950D05DD3E006BFB54 /* Release */ = {
			isa = XCBuildConfiguration;
			baseConfigurationReference = 3047A5101AB8059700498E2A /* build-release.xcconfig */;
			buildSettings = {
				ALWAYS_SEARCH_USER_PATHS = NO;
				ASSETCATALOG_COMPILER_APPICON_NAME = AppIcon;
				ASSETCATALOG_COMPILER_LAUNCHIMAGE_NAME = LaunchImage;
				CLANG_ENABLE_MODULES = YES;
				CLANG_ENABLE_OBJC_ARC = YES;
				CODE_SIGN_ENTITLEMENTS = Bookler/Resources/Bookler.entitlements;
				"CODE_SIGN_IDENTITY[sdk=iphoneos*]" = "iPhone Developer";
				COPY_PHASE_STRIP = YES;
				DEVELOPMENT_TEAM = WTXPXNR4R5;
				FRAMEWORK_SEARCH_PATHS = (
					"$(inherited)",
					"\"Bookler/Plugins/cordova-plugin-facebook4\"",
					"\"Bookler/Plugins/cordova-plugin-facebook4\"",
					"\"Bookler/Plugins/cordova-plugin-facebook4\"",
					"\"Bookler/Plugins/cordova-plugin-facebook4\"",
					"\"Bookler/Plugins/cordova-plugin-facebook4\"",
					"\"Bookler/Plugins/cordova-plugin-facebook4\"",
					"\"Bookler/Plugins/cordova-plugin-facebook4\"",
					"\"Bookler/Plugins/cordova-plugin-facebook4\"",
					"\"Bookler/Plugins/cordova-plugin-googleplus\"",
					"\"Bookler/Plugins/cordova-plugin-googleplus\"",
					"\"Bookler/Plugins/cordova-plugin-googleplus\"",
					"\"Bookler/Plugins/cordova-plugin-googleplus\"",
					"\"Bookler/Plugins/cordova-plugin-googleplus\"",
					"\"Bookler/Plugins/cordova-plugin-googleplus\"",
					"\"Bookler/Plugins/cordova-plugin-googleplus\"",
					"\"Bookler/Plugins/cordova-plugin-googleplus\"",
					"\"Bookler/Plugins/cordova-plugin-googleplus\"",
					"\"Bookler/Plugins/cordova-plugin-googleplus\"",
					"\"Bookler/Plugins/cordova-plugin-googleplus\"",
					"\"Bookler/Plugins/cordova-plugin-googleplus\"",
				);
				GCC_PRECOMPILE_PREFIX_HEADER = YES;
				GCC_PREFIX_HEADER = "Bookler/Bookler-Prefix.pch";
				GCC_THUMB_SUPPORT = NO;
				GCC_VERSION = "";
				INFOPLIST_FILE = "Bookler/Bookler-Info.plist";
				IPHONEOS_DEPLOYMENT_TARGET = 8.0;
				LD_RUNPATH_SEARCH_PATHS = "@executable_path/Frameworks";
				PRODUCT_BUNDLE_IDENTIFIER = com.ionicframework.bookler467870;
				PRODUCT_NAME = Bookler;
				TARGETED_DEVICE_FAMILY = "1,2";
			};
			name = Release;
		};
		C01FCF4F08A954540054247B /* Debug */ = {
			isa = XCBuildConfiguration;
			baseConfigurationReference = 3047A5111AB8059700498E2A /* build.xcconfig */;
			buildSettings = {
				CLANG_ENABLE_MODULES = YES;
				CLANG_ENABLE_OBJC_ARC = YES;
				CLANG_WARN_BOOL_CONVERSION = YES;
				CLANG_WARN_CONSTANT_CONVERSION = YES;
				CLANG_WARN_EMPTY_BODY = YES;
				CLANG_WARN_ENUM_CONVERSION = YES;
				CLANG_WARN_INFINITE_RECURSION = YES;
				CLANG_WARN_INT_CONVERSION = YES;
				CLANG_WARN_SUSPICIOUS_MOVE = YES;
				CLANG_WARN_UNREACHABLE_CODE = YES;
				CLANG_WARN__DUPLICATE_METHOD_MATCH = YES;
				CODE_SIGN_ENTITLEMENTS = Bookler/Resources/Bookler.entitlements;
				ENABLE_STRICT_OBJC_MSGSEND = YES;
				ENABLE_TESTABILITY = YES;
				GCC_C_LANGUAGE_STANDARD = c99;
				GCC_NO_COMMON_BLOCKS = YES;
				GCC_THUMB_SUPPORT = NO;
				GCC_VERSION = "";
				GCC_WARN_64_TO_32_BIT_CONVERSION = YES;
				GCC_WARN_ABOUT_RETURN_TYPE = YES;
				GCC_WARN_UNDECLARED_SELECTOR = YES;
				GCC_WARN_UNINITIALIZED_AUTOS = YES;
				GCC_WARN_UNUSED_FUNCTION = YES;
				GCC_WARN_UNUSED_VARIABLE = YES;
				ONLY_ACTIVE_ARCH = YES;
				SDKROOT = iphoneos;
				SKIP_INSTALL = NO;
			};
			name = Debug;
		};
		C01FCF5008A954540054247B /* Release */ = {
			isa = XCBuildConfiguration;
			baseConfigurationReference = 3047A5111AB8059700498E2A /* build.xcconfig */;
			buildSettings = {
				CLANG_ENABLE_MODULES = YES;
				CLANG_ENABLE_OBJC_ARC = YES;
				CLANG_WARN_BOOL_CONVERSION = YES;
				CLANG_WARN_CONSTANT_CONVERSION = YES;
				CLANG_WARN_EMPTY_BODY = YES;
				CLANG_WARN_ENUM_CONVERSION = YES;
				CLANG_WARN_INFINITE_RECURSION = YES;
				CLANG_WARN_INT_CONVERSION = YES;
				CLANG_WARN_SUSPICIOUS_MOVE = YES;
				CLANG_WARN_UNREACHABLE_CODE = YES;
				CLANG_WARN__DUPLICATE_METHOD_MATCH = YES;
				CODE_SIGN_ENTITLEMENTS = Bookler/Resources/Bookler.entitlements;
				ENABLE_STRICT_OBJC_MSGSEND = YES;
				GCC_C_LANGUAGE_STANDARD = c99;
				GCC_NO_COMMON_BLOCKS = YES;
				GCC_THUMB_SUPPORT = NO;
				GCC_VERSION = "";
				GCC_WARN_64_TO_32_BIT_CONVERSION = YES;
				GCC_WARN_ABOUT_RETURN_TYPE = YES;
				GCC_WARN_UNDECLARED_SELECTOR = YES;
				GCC_WARN_UNINITIALIZED_AUTOS = YES;
				GCC_WARN_UNUSED_FUNCTION = YES;
				GCC_WARN_UNUSED_VARIABLE = YES;
				SDKROOT = iphoneos;
				SKIP_INSTALL = NO;
			};
			name = Release;
		};
/* End XCBuildConfiguration section */

/* Begin XCConfigurationList section */
		1D6058960D05DD3E006BFB54 /* Build configuration list for PBXNativeTarget "Bookler" */ = {
			isa = XCConfigurationList;
			buildConfigurations = (
				1D6058940D05DD3E006BFB54 /* Debug */,
				1D6058950D05DD3E006BFB54 /* Release */,
			);
			defaultConfigurationIsVisible = 0;
			defaultConfigurationName = Release;
		};
		C01FCF4E08A954540054247B /* Build configuration list for PBXProject "Bookler" */ = {
			isa = XCConfigurationList;
			buildConfigurations = (
				C01FCF4F08A954540054247B /* Debug */,
				C01FCF5008A954540054247B /* Release */,
			);
			defaultConfigurationIsVisible = 0;
			defaultConfigurationName = Release;
		};
/* End XCConfigurationList section */
	};
	rootObject = 29B97313FDCFA39411CA2CEA /* Project object */;
}
